Microsoft Visual Studio Solution File, Format Version 12.00
# Visual Studio 2012
Project("{FAE04EC0-301F-11D3-BF4B-00C04F79EFBC}") = "The Forest Consumes GD3", "The Forest Consumes GD3.csproj", "{368B8970-DACB-4DBF-B3F3-B572438EC2DD}"
EndProject
Global
	GlobalSection(SolutionConfigurationPlatforms) = preSolution
	Debug|Any CPU = Debug|Any CPU
	ExportDebug|Any CPU = ExportDebug|Any CPU
	ExportRelease|Any CPU = ExportRelease|Any CPU
	EndGlobalSection
	GlobalSection(ProjectConfigurationPlatforms) = postSolution
		{368B8970-DACB-4DBF-B3F3-B572438EC2DD}.Debug|Any CPU.ActiveCfg = Debug|Any CPU
		{368B8970-DACB-4DBF-B3F3-B572438EC2DD}.Debug|Any CPU.Build.0 = Debug|Any CPU
		{368B8970-DACB-4DBF-B3F3-B572438EC2DD}.ExportDebug|Any CPU.ActiveCfg = ExportDebug|Any CPU
		{368B8970-DACB-4DBF-B3F3-B572438EC2DD}.ExportDebug|Any CPU.Build.0 = ExportDebug|Any CPU
		{368B8970-DACB-4DBF-B3F3-B572438EC2DD}.ExportRelease|Any CPU.ActiveCfg = ExportRelease|Any CPU
		{368B8970-DACB-4DBF-B3F3-B572438EC2DD}.ExportRelease|Any CPU.Build.0 = ExportRelease|Any CPU
	EndGlobalSection
EndGlobal
